
Microsoft Visual Studio Solution File, Format Version 12.00
# Visual Studio Version 17
VisualStudioVersion = 17.14.36518.9 d17.14
MinimumVisualStudioVersion = 10.0.40219.1
Project("{FAE04EC0-301F-11D3-BF4B-00C04F79EFBC}") = "Appdev Group 8", "Appdev Group 8\Appdev Group 8.csproj", "{D15C8D5E-2830-48E5-8CB1-4AAAFD5C3155}"
EndProject
Global
	GlobalSection(SolutionConfigurationPlatforms) = preSolution
		Debug|Any CPU = Debug|Any CPU
		Release|Any CPU = Release|Any CPU
	EndGlobalSection
	GlobalSection(ProjectConfigurationPlatforms) = postSolution
		{D15C8D5E-2830-48E5-8CB1-4AAAFD5C3155}.Debug|Any CPU.ActiveCfg = Debug|Any CPU
		{D15C8D5E-2830-48E5-8CB1-4AAAFD5C3155}.Debug|Any CPU.Build.0 = Debug|Any CPU
		{D15C8D5E-2830-48E5-8CB1-4AAAFD5C3155}.Release|Any CPU.ActiveCfg = Release|Any CPU
		{D15C8D5E-2830-48E5-8CB1-4AAAFD5C3155}.Release|Any CPU.Build.0 = Release|Any CPU
	EndGlobalSection
	GlobalSection(SolutionProperties) = preSolution
		HideSolutionNode = FALSE
	EndGlobalSection
	GlobalSection(ExtensibilityGlobals) = postSolution
		SolutionGuid = {EDD802DA-59F2-42D9-AD36-F082E17C6AE1}
	EndGlobalSection
EndGlobal
